
Microsoft Visual Studio Solution File, Format Version 12.00
# Visual Studio Version 17
VisualStudioVersion = 17.9.34714.143
MinimumVisualStudioVersion = 10.0.40219.1
Project("{FAE04EC0-301F-11D3-BF4B-00C04F79EFBC}") = "MyApiBank", "MyApiBank.csproj", "{A58B382B-1DF0-4D56-A0C9-BF3E0D163CA2}"
EndProject
Global
	GlobalSection(SolutionConfigurationPlatforms) = preSolution
		Debug|Any CPU = Debug|Any CPU
		Release|Any CPU = Release|Any CPU
	EndGlobalSection
	GlobalSection(ProjectConfigurationPlatforms) = postSolution
		{A58B382B-1DF0-4D56-A0C9-BF3E0D163CA2}.Debug|Any CPU.ActiveCfg = Debug|Any CPU
		{A58B382B-1DF0-4D56-A0C9-BF3E0D163CA2}.Debug|Any CPU.Build.0 = Debug|Any CPU
		{A58B382B-1DF0-4D56-A0C9-BF3E0D163CA2}.Release|Any CPU.ActiveCfg = Release|Any CPU
		{A58B382B-1DF0-4D56-A0C9-BF3E0D163CA2}.Release|Any CPU.Build.0 = Release|Any CPU
	EndGlobalSection
	GlobalSection(SolutionProperties) = preSolution
		HideSolutionNode = FALSE
	EndGlobalSection
	GlobalSection(ExtensibilityGlobals) = postSolution
		SolutionGuid = {14753007-89F1-459A-B7A8-68DDDC7C4365}
	EndGlobalSection
EndGlobal
